
Microsoft Visual Studio Solution File, Format Version 12.00
# Visual Studio Version 17
VisualStudioVersion = 17.8.34316.72
MinimumVisualStudioVersion = 10.0.40219.1
Project("{FAE04EC0-301F-11D3-BF4B-00C04F79EFBC}") = "DermaHelp", "DermaHelp.csproj", "{13AD47BD-88CA-4907-BFD5-B37355FE8903}"
EndProject
Global
	GlobalSection(SolutionConfigurationPlatforms) = preSolution
		Debug|Any CPU = Debug|Any CPU
		Release|Any CPU = Release|Any CPU
	EndGlobalSection
	GlobalSection(ProjectConfigurationPlatforms) = postSolution
		{13AD47BD-88CA-4907-BFD5-B37355FE8903}.Debug|Any CPU.ActiveCfg = Debug|Any CPU
		{13AD47BD-88CA-4907-BFD5-B37355FE8903}.Debug|Any CPU.Build.0 = Debug|Any CPU
		{13AD47BD-88CA-4907-BFD5-B37355FE8903}.Release|Any CPU.ActiveCfg = Release|Any CPU
		{13AD47BD-88CA-4907-BFD5-B37355FE8903}.Release|Any CPU.Build.0 = Release|Any CPU
	EndGlobalSection
	GlobalSection(SolutionProperties) = preSolution
		HideSolutionNode = FALSE
	EndGlobalSection
	GlobalSection(ExtensibilityGlobals) = postSolution
		SolutionGuid = {1204419C-BA4A-43B8-816C-A2D5FAE54CA1}
	EndGlobalSection
EndGlobal
